
Microsoft Visual Studio Solution File, Format Version 12.00
# Visual Studio for Mac
Project("{FAE04EC0-301F-11D3-BF4B-00C04F79EFBC}") = "Assembly-CSharp", "Assembly-CSharp.csproj", "{FD33CD4A-3385-B577-2E6D-612C1CDB106B}"
EndProject
Project("{FAE04EC0-301F-11D3-BF4B-00C04F79EFBC}") = "Assembly-CSharp-Editor", "Assembly-CSharp-Editor.csproj", "{DCA020C8-B382-8EC0-5061-CE70897D3025}"
EndProject
Global
	GlobalSection(SolutionConfigurationPlatforms) = preSolution
		Debug|Any CPU = Debug|Any CPU
		Release|Any CPU = Release|Any CPU
	EndGlobalSection
	GlobalSection(ProjectConfigurationPlatforms) = postSolution
		{FD33CD4A-3385-B577-2E6D-612C1CDB106B}.Debug|Any CPU.ActiveCfg = Debug|Any CPU
		{FD33CD4A-3385-B577-2E6D-612C1CDB106B}.Debug|Any CPU.Build.0 = Debug|Any CPU
		{FD33CD4A-3385-B577-2E6D-612C1CDB106B}.Release|Any CPU.ActiveCfg = Release|Any CPU
		{FD33CD4A-3385-B577-2E6D-612C1CDB106B}.Release|Any CPU.Build.0 = Release|Any CPU
		{DCA020C8-B382-8EC0-5061-CE70897D3025}.Debug|Any CPU.ActiveCfg = Debug|Any CPU
		{DCA020C8-B382-8EC0-5061-CE70897D3025}.Debug|Any CPU.Build.0 = Debug|Any CPU
		{DCA020C8-B382-8EC0-5061-CE70897D3025}.Release|Any CPU.ActiveCfg = Release|Any CPU
		{DCA020C8-B382-8EC0-5061-CE70897D3025}.Release|Any CPU.Build.0 = Release|Any CPU
	EndGlobalSection
	GlobalSection(SolutionProperties) = preSolution
		HideSolutionNode = FALSE
	EndGlobalSection
EndGlobal
